
Microsoft Visual Studio Solution File, Format Version 12.00
# Visual Studio 2012
Project("{F2A71F9B-5D33-465A-A702-920D77279786}") = "c4fsharp.Dojo.DigitsRecognizer", "c4fsharp.Dojo.DigitsRecognizer.fsproj", "{D74CD8DF-BB6B-47D0-9624-305BA02349D9}"
EndProject
Global
	GlobalSection(SolutionConfigurationPlatforms) = preSolution
		Debug|Any CPU = Debug|Any CPU
		Release|Any CPU = Release|Any CPU
	EndGlobalSection
	GlobalSection(ProjectConfigurationPlatforms) = postSolution
		{D74CD8DF-BB6B-47D0-9624-305BA02349D9}.Debug|Any CPU.ActiveCfg = Debug|Any CPU
		{D74CD8DF-BB6B-47D0-9624-305BA02349D9}.Debug|Any CPU.Build.0 = Debug|Any CPU
		{D74CD8DF-BB6B-47D0-9624-305BA02349D9}.Release|Any CPU.ActiveCfg = Release|Any CPU
		{D74CD8DF-BB6B-47D0-9624-305BA02349D9}.Release|Any CPU.Build.0 = Release|Any CPU
	EndGlobalSection
	GlobalSection(SolutionProperties) = preSolution
		HideSolutionNode = FALSE
	EndGlobalSection
EndGlobal
